{
    "version": 3,
    "terraform_version": "0.11.11",
    "serial": 15,
    "lineage": "b3afac23-0c37-43b8-bbd0-e6609f129897",
    "modules": [
        {
            "path": [
                "root"
            ],
            "outputs": {},
            "resources": {
                "aws_autoscaling_group.asg": {
                    "type": "aws_autoscaling_group",
                    "depends_on": [
                        "aws_launch_configuration.example",
                        "data.aws_availability_zones.all"
                    ],
                    "primary": {
                        "id": "tf-asg-20190314004900512600000002",
                        "attributes": {
                            "arn": "arn:aws:autoscaling:us-east-1:545965893803:autoScalingGroup:9fc6c111-fd32-4caa-8925-873339555c1a:autoScalingGroupName/tf-asg-20190314004900512600000002",
                            "availability_zones.#": "1",
                            "availability_zones.3569565595": "us-east-1a",
                            "default_cooldown": "300",
                            "desired_capacity": "2",
                            "enabled_metrics.#": "0",
                            "force_delete": "false",
                            "health_check_grace_period": "300",
                            "health_check_type": "EC2",
                            "id": "tf-asg-20190314004900512600000002",
                            "launch_configuration": "terraform-20190314004858851800000001",
                            "launch_template.#": "0",
                            "load_balancers.#": "0",
                            "max_size": "10",
                            "metrics_granularity": "1Minute",
                            "min_size": "2",
                            "mixed_instances_policy.#": "0",
                            "name": "tf-asg-20190314004900512600000002",
                            "placement_group": "",
                            "protect_from_scale_in": "false",
                            "service_linked_role_arn": "arn:aws:iam::545965893803:role/aws-service-role/autoscaling.amazonaws.com/AWSServiceRoleForAutoScaling",
                            "suspended_processes.#": "0",
                            "tag.#": "1",
                            "tag.1931661444.key": "Name",
                            "tag.1931661444.propagate_at_launch": "true",
                            "tag.1931661444.value": "mike-asg",
                            "target_group_arns.#": "0",
                            "termination_policies.#": "0",
                            "vpc_zone_identifier.#": "1",
                            "vpc_zone_identifier.2094241653": "subnet-010099966d508691a",
                            "wait_for_capacity_timeout": "10m"
                        },
                        "meta": {
                            "e2bfb730-ecaa-11e6-8f88-34363bc7c4c0": {
                                "delete": 600000000000
                            }
                        },
                        "tainted": false
                    },
                    "deposed": [],
                    "provider": "provider.aws"
                },
                "aws_launch_configuration.example": {
                    "type": "aws_launch_configuration",
                    "depends_on": [
                        "aws_security_group.instance"
                    ],
                    "primary": {
                        "id": "terraform-20190314004858851800000001",
                        "attributes": {
                            "associate_public_ip_address": "false",
                            "ebs_block_device.#": "0",
                            "ebs_optimized": "false",
                            "enable_monitoring": "true",
                            "ephemeral_block_device.#": "0",
                            "iam_instance_profile": "",
                            "id": "terraform-20190314004858851800000001",
                            "image_id": "ami-2d39803a",
                            "instance_type": "t2.micro",
                            "key_name": "gschaefer",
                            "name": "terraform-20190314004858851800000001",
                            "root_block_device.#": "0",
                            "security_groups.#": "1",
                            "security_groups.2592905858": "sg-090c9a9b2b238a359",
                            "spot_price": "",
                            "user_data": "4430fd6498339061effa6d27ccf341a1e94569d7",
                            "vpc_classic_link_id": "",
                            "vpc_classic_link_security_groups.#": "0"
                        },
                        "meta": {},
                        "tainted": false
                    },
                    "deposed": [],
                    "provider": "provider.aws"
                },
                "aws_security_group.instance": {
                    "type": "aws_security_group",
                    "depends_on": [],
                    "primary": {
                        "id": "sg-090c9a9b2b238a359",
                        "attributes": {
                            "arn": "arn:aws:ec2:us-east-1:545965893803:security-group/sg-090c9a9b2b238a359",
                            "description": "Managed by Terraform",
                            "egress.#": "0",
                            "id": "sg-090c9a9b2b238a359",
                            "ingress.#": "2",
                            "ingress.1064130713.cidr_blocks.#": "1",
                            "ingress.1064130713.cidr_blocks.0": "174.53.201.189/32",
                            "ingress.1064130713.description": "",
                            "ingress.1064130713.from_port": "22",
                            "ingress.1064130713.ipv6_cidr_blocks.#": "0",
                            "ingress.1064130713.prefix_list_ids.#": "0",
                            "ingress.1064130713.protocol": "tcp",
                            "ingress.1064130713.security_groups.#": "0",
                            "ingress.1064130713.self": "false",
                            "ingress.1064130713.to_port": "22",
                            "ingress.3792497433.cidr_blocks.#": "1",
                            "ingress.3792497433.cidr_blocks.0": "174.53.201.189/32",
                            "ingress.3792497433.description": "",
                            "ingress.3792497433.from_port": "8080",
                            "ingress.3792497433.ipv6_cidr_blocks.#": "0",
                            "ingress.3792497433.prefix_list_ids.#": "0",
                            "ingress.3792497433.protocol": "tcp",
                            "ingress.3792497433.security_groups.#": "0",
                            "ingress.3792497433.self": "false",
                            "ingress.3792497433.to_port": "8080",
                            "name": "mike-security-group",
                            "owner_id": "545965893803",
                            "revoke_rules_on_delete": "false",
                            "tags.%": "0",
                            "vpc_id": "vpc-915083eb"
                        },
                        "meta": {
                            "e2bfb730-ecaa-11e6-8f88-34363bc7c4c0": {
                                "create": 600000000000,
                                "delete": 600000000000
                            },
                            "schema_version": "1"
                        },
                        "tainted": false
                    },
                    "deposed": [],
                    "provider": "provider.aws"
                },
                "data.aws_availability_zones.all": {
                    "type": "aws_availability_zones",
                    "depends_on": [],
                    "primary": {
                        "id": "2019-03-14 00:48:45.575953 +0000 UTC",
                        "attributes": {
                            "id": "2019-03-14 00:48:45.575953 +0000 UTC",
                            "names.#": "6",
                            "names.0": "us-east-1a",
                            "names.1": "us-east-1b",
                            "names.2": "us-east-1c",
                            "names.3": "us-east-1d",
                            "names.4": "us-east-1e",
                            "names.5": "us-east-1f",
                            "zone_ids.#": "6",
                            "zone_ids.0": "use1-az1",
                            "zone_ids.1": "use1-az2",
                            "zone_ids.2": "use1-az4",
                            "zone_ids.3": "use1-az6",
                            "zone_ids.4": "use1-az3",
                            "zone_ids.5": "use1-az5"
                        },
                        "meta": {},
                        "tainted": false
                    },
                    "deposed": [],
                    "provider": "provider.aws"
                }
            },
            "depends_on": []
        }
    ]
}
